// !$*UTF8*$!
{
	archiveVersion = 1;
	classes = {
	};
	objectVersion = 50;
	objects = {

/* Begin PBXBuildFile section */
		453232C6F7794B5C2BF20F84 /* Pods_standard_style_swift.framework in Frameworks */ = {isa = PBXBuildFile; fileRef = 7A4589C67A855EB4A872FEEF /* Pods_standard_style_swift.framework */; };
		970D895E2072AB130008E462 /* AppDelegate.swift in Sources */ = {isa = PBXBuildFile; fileRef = 970D895D2072AB130008E462 /* AppDelegate.swift */; };
		970D89602072AB130008E462 /* ViewController.swift in Sources */ = {isa = PBXBuildFile; fileRef = 970D895F2072AB130008E462 /* ViewController.swift */; };
		970D89652072AB160008E462 /* Assets.xcassets in Resources */ = {isa = PBXBuildFile; fileRef = 970D89642072AB160008E462 /* Assets.xcassets */; };
		970D89682072AB160008E462 /* LaunchScreen.storyboard in Resources */ = {isa = PBXBuildFile; fileRef = 970D89662072AB160008E462 /* LaunchScreen.storyboard */; };
		970D89702072D6980008E462 /* GoogleService-Info.plist in Resources */ = {isa = PBXBuildFile; fileRef = 970D896F2072D6980008E462 /* GoogleService-Info.plist */; };
/* End PBXBuildFile section */

/* Begin PBXFileReference section */
		51A2D510500B124A6E2AE072 /* Pods-standard-style-swift.debug.xcconfig */ = {isa = PBXFileReference; includeInIndex = 1; lastKnownFileType = text.xcconfig; name = "Pods-standard-style-swift.debug.xcconfig"; path = "Pods/Target Support Files/Pods-standard-style-swift/Pods-standard-style-swift.debug.xcconfig"; sourceTree = "<group>"; };
		7A4589C67A855EB4A872FEEF /* Pods_standard_style_swift.framework */ = {isa = PBXFileReference; explicitFileType = wrapper.framework; includeInIndex = 0; path = Pods_standard_style_swift.framework; sourceTree = BUILT_PRODUCTS_DIR; };
		970D895A2072AB130008E462 /* standard-style-swift.app */ = {isa = PBXFileReference; explicitFileType = wrapper.application; includeInIndex = 0; path = "standard-style-swift.app"; sourceTree = BUILT_PRODUCTS_DIR; };
		970D895D2072AB130008E462 /* AppDelegate.swift */ = {isa = PBXFileReference; lastKnownFileType = sourcecode.swift; path = AppDelegate.swift; sourceTree = "<group>"; };
		970D895F2072AB130008E462 /* ViewController.swift */ = {isa = PBXFileReference; lastKnownFileType = sourcecode.swift; path = ViewController.swift; sourceTree = "<group>"; };
		970D89642072AB160008E462 /* Assets.xcassets */ = {isa = PBXFileReference; lastKnownFileType = folder.assetcatalog; path = Assets.xcassets; sourceTree = "<group>"; };
		970D89672072AB160008E462 /* Base */ = {isa = PBXFileReference; lastKnownFileType = file.storyboard; name = Base; path = Base.lproj/LaunchScreen.storyboard; sourceTree = "<group>"; };
		970D89692072AB160008E462 /* Info.plist */ = {isa = PBXFileReference; lastKnownFileType = text.plist.xml; path = Info.plist; sourceTree = "<group>"; };
		970D896F2072D6980008E462 /* GoogleService-Info.plist */ = {isa = PBXFileReference; fileEncoding = 4; lastKnownFileType = text.plist.xml; name = "GoogleService-Info.plist"; path = "../../../Downloads/GoogleService-Info.plist"; sourceTree = "<group>"; };
		CBF3113BEE132B4BF2344E1F /* Pods-standard-style-swift.release.xcconfig */ = {isa = PBXFileReference; includeInIndex = 1; lastKnownFileType = text.xcconfig; name = "Pods-standard-style-swift.release.xcconfig"; path = "Pods/Target Support Files/Pods-standard-style-swift/Pods-standard-style-swift.release.xcconfig"; sourceTree = "<group>"; };
/* End PBXFileReference section */

/* Begin PBXFrameworksBuildPhase section */
		970D89572072AB130008E462 /* Frameworks */ = {
			isa = PBXFrameworksBuildPhase;
			buildActionMask = 2147483647;
			files = (
				453232C6F7794B5C2BF20F84 /* Pods_standard_style_swift.framework in Frameworks */,
			);
			runOnlyForDeploymentPostprocessing = 0;
		};
/* End PBXFrameworksBuildPhase section */

/* Begin PBXGroup section */
		510B10226192EE0BD8714E54 /* Frameworks */ = {
			isa = PBXGroup;
			children = (
				7A4589C67A855EB4A872FEEF /* Pods_standard_style_swift.framework */,
			);
			name = Frameworks;
			sourceTree = "<group>";
		};
		970D89512072AB130008E462 = {
			isa = PBXGroup;
			children = (
				970D895C2072AB130008E462 /* standard-style-swift */,
				970D895B2072AB130008E462 /* Products */,
				F29B4F23693A42CAADFB7CD4 /* Pods */,
				510B10226192EE0BD8714E54 /* Frameworks */,
			);
			sourceTree = "<group>";
		};
		970D895B2072AB130008E462 /* Products */ = {
			isa = PBXGroup;
			children = (
				970D895A2072AB130008E462 /* standard-style-swift.app */,
			);
			name = Products;
			sourceTree = "<group>";
		};
		970D895C2072AB130008E462 /* standard-style-swift */ = {
			isa = PBXGroup;
			children = (
				970D895D2072AB130008E462 /* AppDelegate.swift */,
				970D895F2072AB130008E462 /* ViewController.swift */,
				970D89642072AB160008E462 /* Assets.xcassets */,
				970D89662072AB160008E462 /* LaunchScreen.storyboard */,
				970D896F2072D6980008E462 /* GoogleService-Info.plist */,
				970D89692072AB160008E462 /* Info.plist */,
			);
			path = "standard-style-swift";
			sourceTree = "<group>";
		};
		F29B4F23693A42CAADFB7CD4 /* Pods */ = {
			isa = PBXGroup;
			children = (
				51A2D510500B124A6E2AE072 /* Pods-standard-style-swift.debug.xcconfig */,
				CBF3113BEE132B4BF2344E1F /* Pods-standard-style-swift.release.xcconfig */,
			);
			name = Pods;
			sourceTree = "<group>";
		};
/* End PBXGroup section */

/* Begin PBXNativeTarget section */
		970D89592072AB130008E462 /* standard-style-swift */ = {
			isa = PBXNativeTarget;
			buildConfigurationList = 970D896C2072AB160008E462 /* Build configuration list for PBXNativeTarget "standard-style-swift" */;
			buildPhases = (
				8ED69B7B8D999C65D54788DF /* [CP] Check Pods Manifest.lock */,
				970D89562072AB130008E462 /* Sources */,
				970D89572072AB130008E462 /* Frameworks */,
				970D89582072AB130008E462 /* Resources */,
				84716F5396D960C0EFD22340 /* [CP] Embed Pods Frameworks */,
				2ACA52D54B64986D914AEAE1 /* [CP] Copy Pods Resources */,
			);
			buildRules = (
			);
			dependencies = (
			);
			name = "standard-style-swift";
			productName = "standard-style-swift";
			productReference = 970D895A2072AB130008E462 /* standard-style-swift.app */;
			productType = "com.apple.product-type.application";
		};
/* End PBXNativeTarget section */

/* Begin PBXProject section */
		970D89522072AB130008E462 /* Project object */ = {
			isa = PBXProject;
			attributes = {
				LastSwiftUpdateCheck = 0930;
				LastUpgradeCheck = 0930;
				ORGANIZATIONNAME = RDevelopment;
				TargetAttributes = {
					970D89592072AB130008E462 = {
						CreatedOnToolsVersion = 9.3;
					};
				};
			};
			buildConfigurationList = 970D89552072AB130008E462 /* Build configuration list for PBXProject "standard-style-swift" */;
			compatibilityVersion = "Xcode 9.3";
			developmentRegion = en;
			hasScannedForEncodings = 0;
			knownRegions = (
				en,
				Base,
			);
			mainGroup = 970D89512072AB130008E462;
			productRefGroup = 970D895B2072AB130008E462 /* Products */;
			projectDirPath = "";
			projectRoot = "";
			targets = (
				970D89592072AB130008E462 /* standard-style-swift */,
			);
		};
/* End PBXProject section */

/* Begin PBXResourcesBuildPhase section */
		970D89582072AB130008E462 /* Resources */ = {
			isa = PBXResourcesBuildPhase;
			buildActionMask = 2147483647;
			files = (
				970D89682072AB160008E462 /* LaunchScreen.storyboard in Resources */,
				970D89652072AB160008E462 /* Assets.xcassets in Resources */,
				970D89702072D6980008E462 /* GoogleService-Info.plist in Resources */,
			);
			runOnlyForDeploymentPostprocessing = 0;
		};
/* End PBXResourcesBuildPhase section */

/* Begin PBXShellScriptBuildPhase section */
		2ACA52D54B64986D914AEAE1 /* [CP] Copy Pods Resources */ = {
			isa = PBXShellScriptBuildPhase;
			buildActionMask = 2147483647;
			files = (
			);
			inputPaths = (
			);
			name = "[CP] Copy Pods Resources";
			outputPaths = (
			);
			runOnlyForDeploymentPostprocessing = 0;
			shellPath = /bin/sh;
			shellScript = "\"${SRCROOT}/Pods/Target Support Files/Pods-standard-style-swift/Pods-standard-style-swift-resources.sh\"\n";
			showEnvVarsInLog = 0;
		};
		84716F5396D960C0EFD22340 /* [CP] Embed Pods Frameworks */ = {
			isa = PBXShellScriptBuildPhase;
			buildActionMask = 2147483647;
			files = (
			);
			inputPaths = (
				"${SRCROOT}/Pods/Target Support Files/Pods-standard-style-swift/Pods-standard-style-swift-frameworks.sh",
				"${BUILT_PRODUCTS_DIR}/GoogleToolboxForMac/GoogleToolboxForMac.framework",
				"${BUILT_PRODUCTS_DIR}/Protobuf/Protobuf.framework",
				"${BUILT_PRODUCTS_DIR}/leveldb-library/leveldb.framework",
				"${BUILT_PRODUCTS_DIR}/nanopb/nanopb.framework",
			);
			name = "[CP] Embed Pods Frameworks";
			outputPaths = (
				"${TARGET_BUILD_DIR}/${FRAMEWORKS_FOLDER_PATH}/GoogleToolboxForMac.framework",
				"${TARGET_BUILD_DIR}/${FRAMEWORKS_FOLDER_PATH}/Protobuf.framework",
				"${TARGET_BUILD_DIR}/${FRAMEWORKS_FOLDER_PATH}/leveldb.framework",
				"${TARGET_BUILD_DIR}/${FRAMEWORKS_FOLDER_PATH}/nanopb.framework",
			);
			runOnlyForDeploymentPostprocessing = 0;
			shellPath = /bin/sh;
			shellScript = "\"${SRCROOT}/Pods/Target Support Files/Pods-standard-style-swift/Pods-standard-style-swift-frameworks.sh\"\n";
			showEnvVarsInLog = 0;
		};
		8ED69B7B8D999C65D54788DF /* [CP] Check Pods Manifest.lock */ = {
			isa = PBXShellScriptBuildPhase;
			buildActionMask = 2147483647;
			files = (
			);
			inputPaths = (
				"${PODS_PODFILE_DIR_PATH}/Podfile.lock",
				"${PODS_ROOT}/Manifest.lock",
			);
			name = "[CP] Check Pods Manifest.lock";
			outputPaths = (
				"$(DERIVED_FILE_DIR)/Pods-standard-style-swift-checkManifestLockResult.txt",
			);
			runOnlyForDeploymentPostprocessing = 0;
			shellPath = /bin/sh;
			shellScript = "diff \"${PODS_PODFILE_DIR_PATH}/Podfile.lock\" \"${PODS_ROOT}/Manifest.lock\" > /dev/null\nif [ $? != 0 ] ; then\n    # print error to STDERR\n    echo \"error: The sandbox is not in sync with the Podfile.lock. Run 'pod install' or update your CocoaPods installation.\" >&2\n    exit 1\nfi\n# This output is used by Xcode 'outputs' to avoid re-running this script phase.\necho \"SUCCESS\" > \"${SCRIPT_OUTPUT_FILE_0}\"\n";
			showEnvVarsInLog = 0;
		};
/* End PBXShellScriptBuildPhase section */

/* Begin PBXSourcesBuildPhase section */
		970D89562072AB130008E462 /* Sources */ = {
			isa = PBXSourcesBuildPhase;
			buildActionMask = 2147483647;
			files = (
				970D89602072AB130008E462 /* ViewController.swift in Sources */,
				970D895E2072AB130008E462 /* AppDelegate.swift in Sources */,
			);
			runOnlyForDeploymentPostprocessing = 0;
		};
/* End PBXSourcesBuildPhase section */

/* Begin PBXVariantGroup section */
		970D89662072AB160008E462 /* LaunchScreen.storyboard */ = {
			isa = PBXVariantGroup;
			children = (
				970D89672072AB160008E462 /* Base */,
			);
			name = LaunchScreen.storyboard;
			sourceTree = "<group>";
		};
/* End PBXVariantGroup section */

/* Begin XCBuildConfiguration section */
		970D896A2072AB160008E462 /* Debug */ = {
			isa = XCBuildConfiguration;
			buildSettings = {
				ALWAYS_SEARCH_USER_PATHS = NO;
				CLANG_ANALYZER_NONNULL = YES;
				CLANG_ANALYZER_NUMBER_OBJECT_CONVERSION = YES_AGGRESSIVE;
				CLANG_CXX_LANGUAGE_STANDARD = "gnu++14";
				CLANG_CXX_LIBRARY = "libc++";
				CLANG_ENABLE_MODULES = YES;
				CLANG_ENABLE_OBJC_ARC = YES;
				CLANG_ENABLE_OBJC_WEAK = YES;
				CLANG_WARN_BLOCK_CAPTURE_AUTORELEASING = YES;
				CLANG_WARN_BOOL_CONVERSION = YES;
				CLANG_WARN_COMMA = YES;
				CLANG_WARN_CONSTANT_CONVERSION = YES;
				CLANG_WARN_DEPRECATED_OBJC_IMPLEMENTATIONS = YES;
				CLANG_WARN_DIRECT_OBJC_ISA_USAGE = YES_ERROR;
				CLANG_WARN_DOCUMENTATION_COMMENTS = YES;
				CLANG_WARN_EMPTY_BODY = YES;
				CLANG_WARN_ENUM_CONVERSION = YES;
				CLANG_WARN_INFINITE_RECURSION = YES;
				CLANG_WARN_INT_CONVERSION = YES;
				CLANG_WARN_NON_LITERAL_NULL_CONVERSION = YES;
				CLANG_WARN_OBJC_IMPLICIT_RETAIN_SELF = YES;
				CLANG_WARN_OBJC_LITERAL_CONVERSION = YES;
				CLANG_WARN_OBJC_ROOT_CLASS = YES_ERROR;
				CLANG_WARN_RANGE_LOOP_ANALYSIS = YES;
				CLANG_WARN_STRICT_PROTOTYPES = YES;
				CLANG_WARN_SUSPICIOUS_MOVE = YES;
				CLANG_WARN_UNGUARDED_AVAILABILITY = YES_AGGRESSIVE;
				CLANG_WARN_UNREACHABLE_CODE = YES;
				CLANG_WARN__DUPLICATE_METHOD_MATCH = YES;
				CODE_SIGN_IDENTITY = "iPhone Developer";
				COPY_PHASE_STRIP = NO;
				DEBUG_INFORMATION_FORMAT = dwarf;
				ENABLE_STRICT_OBJC_MSGSEND = YES;
				ENABLE_TESTABILITY = YES;
				GCC_C_LANGUAGE_STANDARD = gnu11;
				GCC_DYNAMIC_NO_PIC = NO;
				GCC_NO_COMMON_BLOCKS = YES;
				GCC_OPTIMIZATION_LEVEL = 0;
				GCC_PREPROCESSOR_DEFINITIONS = (
					"DEBUG=1",
					"$(inherited)",
				);
				GCC_WARN_64_TO_32_BIT_CONVERSION = YES;
				GCC_WARN_ABOUT_RETURN_TYPE = YES_ERROR;
				GCC_WARN_UNDECLARED_SELECTOR = YES;
				GCC_WARN_UNINITIALIZED_AUTOS = YES_AGGRESSIVE;
				GCC_WARN_UNUSED_FUNCTION = YES;
				GCC_WARN_UNUSED_VARIABLE = YES;
				IPHONEOS_DEPLOYMENT_TARGET = 11.3;
				MTL_ENABLE_DEBUG_INFO = YES;
				ONLY_ACTIVE_ARCH = YES;
				SDKROOT = iphoneos;
				SWIFT_ACTIVE_COMPILATION_CONDITIONS = DEBUG;
				SWIFT_OPTIMIZATION_LEVEL = "-Onone";
			};
			name = Debug;
		};
		970D896B2072AB160008E462 /* Release */ = {
			isa = XCBuildConfiguration;
			buildSettings = {
				ALWAYS_SEARCH_USER_PATHS = NO;
				CLANG_ANALYZER_NONNULL = YES;
				CLANG_ANALYZER_NUMBER_OBJECT_CONVERSION = YES_AGGRESSIVE;
				CLANG_CXX_LANGUAGE_STANDARD = "gnu++14";
				CLANG_CXX_LIBRARY = "libc++";
				CLANG_ENABLE_MODULES = YES;
				CLANG_ENABLE_OBJC_ARC = YES;
				CLANG_ENABLE_OBJC_WEAK = YES;
				CLANG_WARN_BLOCK_CAPTURE_AUTORELEASING = YES;
				CLANG_WARN_BOOL_CONVERSION = YES;
				CLANG_WARN_COMMA = YES;
				CLANG_WARN_CONSTANT_CONVERSION = YES;
				CLANG_WARN_DEPRECATED_OBJC_IMPLEMENTATIONS = YES;
				CLANG_WARN_DIRECT_OBJC_ISA_USAGE = YES_ERROR;
				CLANG_WARN_DOCUMENTATION_COMMENTS = YES;
				CLANG_WARN_EMPTY_BODY = YES;
				CLANG_WARN_ENUM_CONVERSION = YES;
				CLANG_WARN_INFINITE_RECURSION = YES;
				CLANG_WARN_INT_CONVERSION = YES;
				CLANG_WARN_NON_LITERAL_NULL_CONVERSION = YES;
				CLANG_WARN_OBJC_IMPLICIT_RETAIN_SELF = YES;
				CLANG_WARN_OBJC_LITERAL_CONVERSION = YES;
				CLANG_WARN_OBJC_ROOT_CLASS = YES_ERROR;
				CLANG_WARN_RANGE_LOOP_ANALYSIS = YES;
				CLANG_WARN_STRICT_PROTOTYPES = YES;
				CLANG_WARN_SUSPICIOUS_MOVE = YES;
				CLANG_WARN_UNGUARDED_AVAILABILITY = YES_AGGRESSIVE;
				CLANG_WARN_UNREACHABLE_CODE = YES;
				CLANG_WARN__DUPLICATE_METHOD_MATCH = YES;
				CODE_SIGN_IDENTITY = "iPhone Developer";
				COPY_PHASE_STRIP = NO;
				DEBUG_INFORMATION_FORMAT = "dwarf-with-dsym";
				ENABLE_NS_ASSERTIONS = NO;
				ENABLE_STRICT_OBJC_MSGSEND = YES;
				GCC_C_LANGUAGE_STANDARD = gnu11;
				GCC_NO_COMMON_BLOCKS = YES;
				GCC_WARN_64_TO_32_BIT_CONVERSION = YES;
				GCC_WARN_ABOUT_RETURN_TYPE = YES_ERROR;
				GCC_WARN_UNDECLARED_SELECTOR = YES;
				GCC_WARN_UNINITIALIZED_AUTOS = YES_AGGRESSIVE;
				GCC_WARN_UNUSED_FUNCTION = YES;
				GCC_WARN_UNUSED_VARIABLE = YES;
				IPHONEOS_DEPLOYMENT_TARGET = 11.3;
				MTL_ENABLE_DEBUG_INFO = NO;
				SDKROOT = iphoneos;
				SWIFT_COMPILATION_MODE = wholemodule;
				SWIFT_OPTIMIZATION_LEVEL = "-O";
				VALIDATE_PRODUCT = YES;
			};
			name = Release;
		};
		970D896D2072AB160008E462 /* Debug */ = {
			isa = XCBuildConfiguration;
			baseConfigurationReference = 51A2D510500B124A6E2AE072 /* Pods-standard-style-swift.debug.xcconfig */;
			buildSettings = {
				ASSETCATALOG_COMPILER_APPICON_NAME = AppIcon;
				CODE_SIGN_STYLE = Automatic;
				DEVELOPMENT_TEAM = 8665775L6M;
				INFOPLIST_FILE = "standard-style-swift/Info.plist";
				LD_RUNPATH_SEARCH_PATHS = "$(inherited) @executable_path/Frameworks";
				PRODUCT_BUNDLE_IDENTIFIER = "rexdev.standard-style-swift";
				PRODUCT_NAME = "$(TARGET_NAME)";
				SWIFT_VERSION = 4.0;
				TARGETED_DEVICE_FAMILY = "1,2";
			};
			name = Debug;
		};
		970D896E2072AB160008E462 /* Release */ = {
			isa = XCBuildConfiguration;
			baseConfigurationReference = CBF3113BEE132B4BF2344E1F /* Pods-standard-style-swift.release.xcconfig */;
			buildSettings = {
				ASSETCATALOG_COMPILER_APPICON_NAME = AppIcon;
				CODE_SIGN_STYLE = Automatic;
				DEVELOPMENT_TEAM = 8665775L6M;
				INFOPLIST_FILE = "standard-style-swift/Info.plist";
				LD_RUNPATH_SEARCH_PATHS = "$(inherited) @executable_path/Frameworks";
				PRODUCT_BUNDLE_IDENTIFIER = "rexdev.standard-style-swift";
				PRODUCT_NAME = "$(TARGET_NAME)";
				SWIFT_VERSION = 4.0;
				TARGETED_DEVICE_FAMILY = "1,2";
			};
			name = Release;
		};
/* End XCBuildConfiguration section */

/* Begin XCConfigurationList section */
		970D89552072AB130008E462 /* Build configuration list for PBXProject "standard-style-swift" */ = {
			isa = XCConfigurationList;
			buildConfigurations = (
				970D896A2072AB160008E462 /* Debug */,
				970D896B2072AB160008E462 /* Release */,
			);
			defaultConfigurationIsVisible = 0;
			defaultConfigurationName = Release;
		};
		970D896C2072AB160008E462 /* Build configuration list for PBXNativeTarget "standard-style-swift" */ = {
			isa = XCConfigurationList;
			buildConfigurations = (
				970D896D2072AB160008E462 /* Debug */,
				970D896E2072AB160008E462 /* Release */,
			);
			defaultConfigurationIsVisible = 0;
			defaultConfigurationName = Release;
		};
/* End XCConfigurationList section */
	};
	rootObject = 970D89522072AB130008E462 /* Project object */;
}
